// !$*UTF8*$!
{
	archiveVersion = 1;
	classes = {
	};
	objectVersion = 50;
	objects = {

/* Begin PBXBuildFile section */
		A897168326A4AA7C00E00DE2 /* AppDelegate.swift in Sources */ = {isa = PBXBuildFile; fileRef = A897168226A4AA7C00E00DE2 /* AppDelegate.swift */; };
		A897168526A4AA7C00E00DE2 /* SceneDelegate.swift in Sources */ = {isa = PBXBuildFile; fileRef = A897168426A4AA7C00E00DE2 /* SceneDelegate.swift */; };
		A897168726A4AA7C00E00DE2 /* ViewController.swift in Sources */ = {isa = PBXBuildFile; fileRef = A897168626A4AA7C00E00DE2 /* ViewController.swift */; };
		A897168A26A4AA7C00E00DE2 /* Main.storyboard in Resources */ = {isa = PBXBuildFile; fileRef = A897168826A4AA7C00E00DE2 /* Main.storyboard */; };
		A897168D26A4AA7C00E00DE2 /* EsteeLauder.xcdatamodeld in Sources */ = {isa = PBXBuildFile; fileRef = A897168B26A4AA7C00E00DE2 /* EsteeLauder.xcdatamodeld */; };
		A897168F26A4AA7D00E00DE2 /* Assets.xcassets in Resources */ = {isa = PBXBuildFile; fileRef = A897168E26A4AA7D00E00DE2 /* Assets.xcassets */; };
		A897169226A4AA7D00E00DE2 /* LaunchScreen.storyboard in Resources */ = {isa = PBXBuildFile; fileRef = A897169026A4AA7D00E00DE2 /* LaunchScreen.storyboard */; };
		A897169D26A4AA7D00E00DE2 /* EsteeLauderTests.swift in Sources */ = {isa = PBXBuildFile; fileRef = A897169C26A4AA7D00E00DE2 /* EsteeLauderTests.swift */; };
		A89716A826A4AA7D00E00DE2 /* EsteeLauderUITests.swift in Sources */ = {isa = PBXBuildFile; fileRef = A89716A726A4AA7D00E00DE2 /* EsteeLauderUITests.swift */; };
		A897173C26A68A2600E00DE2 /* TutorialViewController.swift in Sources */ = {isa = PBXBuildFile; fileRef = A897173B26A68A2600E00DE2 /* TutorialViewController.swift */; };
		A897173E26A68A4500E00DE2 /* ProductsViewController.swift in Sources */ = {isa = PBXBuildFile; fileRef = A897173D26A68A4500E00DE2 /* ProductsViewController.swift */; };
		A897174026A68A6100E00DE2 /* QuizViewController.swift in Sources */ = {isa = PBXBuildFile; fileRef = A897173F26A68A6100E00DE2 /* QuizViewController.swift */; };
		A89717CC26A7AB4B00E00DE2 /* ReviewsViewController.swift in Sources */ = {isa = PBXBuildFile; fileRef = A89717CB26A7AB4B00E00DE2 /* ReviewsViewController.swift */; };
		A8B1234C26AA7F960048915A /* glamresulteightViewController.swift in Sources */ = {isa = PBXBuildFile; fileRef = A8B1234B26AA7F960048915A /* glamresulteightViewController.swift */; };
		A8EE664426AA7E6A00F66213 /* naturalresultoneViewController.swift in Sources */ = {isa = PBXBuildFile; fileRef = A8EE664326AA7E6900F66213 /* naturalresultoneViewController.swift */; };
		A8EE664626AA7E9400F66213 /* glamresulttwoViewController.swift in Sources */ = {isa = PBXBuildFile; fileRef = A8EE664526AA7E9400F66213 /* glamresulttwoViewController.swift */; };
		A8EE664826AA7EB900F66213 /* naturalresultthreeViewController.swift in Sources */ = {isa = PBXBuildFile; fileRef = A8EE664726AA7EB900F66213 /* naturalresultthreeViewController.swift */; };
		A8EE664A26AA7EDB00F66213 /* glamresultfourViewController.swift in Sources */ = {isa = PBXBuildFile; fileRef = A8EE664926AA7EDB00F66213 /* glamresultfourViewController.swift */; };
		A8EE664C26AA7F0900F66213 /* glamresultfiveViewController.swift in Sources */ = {isa = PBXBuildFile; fileRef = A8EE664B26AA7F0900F66213 /* glamresultfiveViewController.swift */; };
		A8EE664E26AA7F2D00F66213 /* naturalresultsixViewController.swift in Sources */ = {isa = PBXBuildFile; fileRef = A8EE664D26AA7F2D00F66213 /* naturalresultsixViewController.swift */; };
		A8EE665026AA7F5500F66213 /* naturalresultsevenViewController.swift in Sources */ = {isa = PBXBuildFile; fileRef = A8EE664F26AA7F5500F66213 /* naturalresultsevenViewController.swift */; };
/* End PBXBuildFile section */

/* Begin PBXContainerItemProxy section */
		A897169926A4AA7D00E00DE2 /* PBXContainerItemProxy */ = {
			isa = PBXContainerItemProxy;
			containerPortal = A897167726A4AA7C00E00DE2 /* Project object */;
			proxyType = 1;
			remoteGlobalIDString = A897167E26A4AA7C00E00DE2;
			remoteInfo = EsteeLauder;
		};
		A89716A426A4AA7D00E00DE2 /* PBXContainerItemProxy */ = {
			isa = PBXContainerItemProxy;
			containerPortal = A897167726A4AA7C00E00DE2 /* Project object */;
			proxyType = 1;
			remoteGlobalIDString = A897167E26A4AA7C00E00DE2;
			remoteInfo = EsteeLauder;
		};
/* End PBXContainerItemProxy section */

/* Begin PBXFileReference section */
		A897167F26A4AA7C00E00DE2 /* EsteeLauder.app */ = {isa = PBXFileReference; explicitFileType = wrapper.application; includeInIndex = 0; path = EsteeLauder.app; sourceTree = BUILT_PRODUCTS_DIR; };
		A897168226A4AA7C00E00DE2 /* AppDelegate.swift */ = {isa = PBXFileReference; lastKnownFileType = sourcecode.swift; path = AppDelegate.swift; sourceTree = "<group>"; };
		A897168426A4AA7C00E00DE2 /* SceneDelegate.swift */ = {isa = PBXFileReference; lastKnownFileType = sourcecode.swift; path = SceneDelegate.swift; sourceTree = "<group>"; };
		A897168626A4AA7C00E00DE2 /* ViewController.swift */ = {isa = PBXFileReference; lastKnownFileType = sourcecode.swift; path = ViewController.swift; sourceTree = "<group>"; };
		A897168926A4AA7C00E00DE2 /* Base */ = {isa = PBXFileReference; lastKnownFileType = file.storyboard; name = Base; path = Base.lproj/Main.storyboard; sourceTree = "<group>"; };
		A897168C26A4AA7C00E00DE2 /* EsteeLauder.xcdatamodel */ = {isa = PBXFileReference; lastKnownFileType = wrapper.xcdatamodel; path = EsteeLauder.xcdatamodel; sourceTree = "<group>"; };
		A897168E26A4AA7D00E00DE2 /* Assets.xcassets */ = {isa = PBXFileReference; lastKnownFileType = folder.assetcatalog; path = Assets.xcassets; sourceTree = "<group>"; };
		A897169126A4AA7D00E00DE2 /* Base */ = {isa = PBXFileReference; lastKnownFileType = file.storyboard; name = Base; path = Base.lproj/LaunchScreen.storyboard; sourceTree = "<group>"; };
		A897169326A4AA7D00E00DE2 /* Info.plist */ = {isa = PBXFileReference; lastKnownFileType = text.plist.xml; path = Info.plist; sourceTree = "<group>"; };
		A897169826A4AA7D00E00DE2 /* EsteeLauderTests.xctest */ = {isa = PBXFileReference; explicitFileType = wrapper.cfbundle; includeInIndex = 0; path = EsteeLauderTests.xctest; sourceTree = BUILT_PRODUCTS_DIR; };
		A897169C26A4AA7D00E00DE2 /* EsteeLauderTests.swift */ = {isa = PBXFileReference; lastKnownFileType = sourcecode.swift; path = EsteeLauderTests.swift; sourceTree = "<group>"; };
		A897169E26A4AA7D00E00DE2 /* Info.plist */ = {isa = PBXFileReference; lastKnownFileType = text.plist.xml; path = Info.plist; sourceTree = "<group>"; };
		A89716A326A4AA7D00E00DE2 /* EsteeLauderUITests.xctest */ = {isa = PBXFileReference; explicitFileType = wrapper.cfbundle; includeInIndex = 0; path = EsteeLauderUITests.xctest; sourceTree = BUILT_PRODUCTS_DIR; };
		A89716A726A4AA7D00E00DE2 /* EsteeLauderUITests.swift */ = {isa = PBXFileReference; lastKnownFileType = sourcecode.swift; path = EsteeLauderUITests.swift; sourceTree = "<group>"; };
		A89716A926A4AA7D00E00DE2 /* Info.plist */ = {isa = PBXFileReference; lastKnownFileType = text.plist.xml; path = Info.plist; sourceTree = "<group>"; };
		A897173B26A68A2600E00DE2 /* TutorialViewController.swift */ = {isa = PBXFileReference; lastKnownFileType = sourcecode.swift; path = TutorialViewController.swift; sourceTree = "<group>"; };
		A897173D26A68A4500E00DE2 /* ProductsViewController.swift */ = {isa = PBXFileReference; lastKnownFileType = sourcecode.swift; path = ProductsViewController.swift; sourceTree = "<group>"; };
		A897173F26A68A6100E00DE2 /* QuizViewController.swift */ = {isa = PBXFileReference; lastKnownFileType = sourcecode.swift; path = QuizViewController.swift; sourceTree = "<group>"; };
		A89717CB26A7AB4B00E00DE2 /* ReviewsViewController.swift */ = {isa = PBXFileReference; lastKnownFileType = sourcecode.swift; path = ReviewsViewController.swift; sourceTree = "<group>"; };
		A8B1234B26AA7F960048915A /* glamresulteightViewController.swift */ = {isa = PBXFileReference; lastKnownFileType = sourcecode.swift; path = glamresulteightViewController.swift; sourceTree = "<group>"; };
		A8EE664326AA7E6900F66213 /* naturalresultoneViewController.swift */ = {isa = PBXFileReference; lastKnownFileType = sourcecode.swift; path = naturalresultoneViewController.swift; sourceTree = "<group>"; };
		A8EE664526AA7E9400F66213 /* glamresulttwoViewController.swift */ = {isa = PBXFileReference; lastKnownFileType = sourcecode.swift; path = glamresulttwoViewController.swift; sourceTree = "<group>"; };
		A8EE664726AA7EB900F66213 /* naturalresultthreeViewController.swift */ = {isa = PBXFileReference; lastKnownFileType = sourcecode.swift; path = naturalresultthreeViewController.swift; sourceTree = "<group>"; };
		A8EE664926AA7EDB00F66213 /* glamresultfourViewController.swift */ = {isa = PBXFileReference; lastKnownFileType = sourcecode.swift; path = glamresultfourViewController.swift; sourceTree = "<group>"; };
		A8EE664B26AA7F0900F66213 /* glamresultfiveViewController.swift */ = {isa = PBXFileReference; lastKnownFileType = sourcecode.swift; path = glamresultfiveViewController.swift; sourceTree = "<group>"; };
		A8EE664D26AA7F2D00F66213 /* naturalresultsixViewController.swift */ = {isa = PBXFileReference; lastKnownFileType = sourcecode.swift; path = naturalresultsixViewController.swift; sourceTree = "<group>"; };
		A8EE664F26AA7F5500F66213 /* naturalresultsevenViewController.swift */ = {isa = PBXFileReference; lastKnownFileType = sourcecode.swift; path = naturalresultsevenViewController.swift; sourceTree = "<group>"; };
/* End PBXFileReference section */

/* Begin PBXFrameworksBuildPhase section */
		A897167C26A4AA7C00E00DE2 /* Frameworks */ = {
			isa = PBXFrameworksBuildPhase;
			buildActionMask = 2147483647;
			files = (
			);
			runOnlyForDeploymentPostprocessing = 0;
		};
		A897169526A4AA7D00E00DE2 /* Frameworks */ = {
			isa = PBXFrameworksBuildPhase;
			buildActionMask = 2147483647;
			files = (
			);
			runOnlyForDeploymentPostprocessing = 0;
		};
		A89716A026A4AA7D00E00DE2 /* Frameworks */ = {
			isa = PBXFrameworksBuildPhase;
			buildActionMask = 2147483647;
			files = (
			);
			runOnlyForDeploymentPostprocessing = 0;
		};
/* End PBXFrameworksBuildPhase section */

/* Begin PBXGroup section */
		A897167626A4AA7C00E00DE2 = {
			isa = PBXGroup;
			children = (
				A897168126A4AA7C00E00DE2 /* EsteeLauder */,
				A897169B26A4AA7D00E00DE2 /* EsteeLauderTests */,
				A89716A626A4AA7D00E00DE2 /* EsteeLauderUITests */,
				A897168026A4AA7C00E00DE2 /* Products */,
			);
			sourceTree = "<group>";
		};
		A897168026A4AA7C00E00DE2 /* Products */ = {
			isa = PBXGroup;
			children = (
				A897167F26A4AA7C00E00DE2 /* EsteeLauder.app */,
				A897169826A4AA7D00E00DE2 /* EsteeLauderTests.xctest */,
				A89716A326A4AA7D00E00DE2 /* EsteeLauderUITests.xctest */,
			);
			name = Products;
			sourceTree = "<group>";
		};
		A897168126A4AA7C00E00DE2 /* EsteeLauder */ = {
			isa = PBXGroup;
			children = (
				A897168226A4AA7C00E00DE2 /* AppDelegate.swift */,
				A897168426A4AA7C00E00DE2 /* SceneDelegate.swift */,
				A897168626A4AA7C00E00DE2 /* ViewController.swift */,
				A897168826A4AA7C00E00DE2 /* Main.storyboard */,
				A89717CB26A7AB4B00E00DE2 /* ReviewsViewController.swift */,
				A897168E26A4AA7D00E00DE2 /* Assets.xcassets */,
				A897169026A4AA7D00E00DE2 /* LaunchScreen.storyboard */,
				A897169326A4AA7D00E00DE2 /* Info.plist */,
				A897168B26A4AA7C00E00DE2 /* EsteeLauder.xcdatamodeld */,
				A897173B26A68A2600E00DE2 /* TutorialViewController.swift */,
				A897173D26A68A4500E00DE2 /* ProductsViewController.swift */,
				A897173F26A68A6100E00DE2 /* QuizViewController.swift */,
				A8EE664326AA7E6900F66213 /* naturalresultoneViewController.swift */,
				A8EE664526AA7E9400F66213 /* glamresulttwoViewController.swift */,
				A8EE664726AA7EB900F66213 /* naturalresultthreeViewController.swift */,
				A8EE664926AA7EDB00F66213 /* glamresultfourViewController.swift */,
				A8EE664B26AA7F0900F66213 /* glamresultfiveViewController.swift */,
				A8EE664D26AA7F2D00F66213 /* naturalresultsixViewController.swift */,
				A8EE664F26AA7F5500F66213 /* naturalresultsevenViewController.swift */,
				A8B1234B26AA7F960048915A /* glamresulteightViewController.swift */,
			);
			path = EsteeLauder;
			sourceTree = "<group>";
		};
		A897169B26A4AA7D00E00DE2 /* EsteeLauderTests */ = {
			isa = PBXGroup;
			children = (
				A897169C26A4AA7D00E00DE2 /* EsteeLauderTests.swift */,
				A897169E26A4AA7D00E00DE2 /* Info.plist */,
			);
			path = EsteeLauderTests;
			sourceTree = "<group>";
		};
		A89716A626A4AA7D00E00DE2 /* EsteeLauderUITests */ = {
			isa = PBXGroup;
			children = (
				A89716A726A4AA7D00E00DE2 /* EsteeLauderUITests.swift */,
				A89716A926A4AA7D00E00DE2 /* Info.plist */,
			);
			path = EsteeLauderUITests;
			sourceTree = "<group>";
		};
/* End PBXGroup section */

/* Begin PBXNativeTarget section */
		A897167E26A4AA7C00E00DE2 /* EsteeLauder */ = {
			isa = PBXNativeTarget;
			buildConfigurationList = A89716AC26A4AA7D00E00DE2 /* Build configuration list for PBXNativeTarget "EsteeLauder" */;
			buildPhases = (
				A897167B26A4AA7C00E00DE2 /* Sources */,
				A897167C26A4AA7C00E00DE2 /* Frameworks */,
				A897167D26A4AA7C00E00DE2 /* Resources */,
			);
			buildRules = (
			);
			dependencies = (
			);
			name = EsteeLauder;
			productName = EsteeLauder;
			productReference = A897167F26A4AA7C00E00DE2 /* EsteeLauder.app */;
			productType = "com.apple.product-type.application";
		};
		A897169726A4AA7D00E00DE2 /* EsteeLauderTests */ = {
			isa = PBXNativeTarget;
			buildConfigurationList = A89716AF26A4AA7D00E00DE2 /* Build configuration list for PBXNativeTarget "EsteeLauderTests" */;
			buildPhases = (
				A897169426A4AA7D00E00DE2 /* Sources */,
				A897169526A4AA7D00E00DE2 /* Frameworks */,
				A897169626A4AA7D00E00DE2 /* Resources */,
			);
			buildRules = (
			);
			dependencies = (
				A897169A26A4AA7D00E00DE2 /* PBXTargetDependency */,
			);
			name = EsteeLauderTests;
			productName = EsteeLauderTests;
			productReference = A897169826A4AA7D00E00DE2 /* EsteeLauderTests.xctest */;
			productType = "com.apple.product-type.bundle.unit-test";
		};
		A89716A226A4AA7D00E00DE2 /* EsteeLauderUITests */ = {
			isa = PBXNativeTarget;
			buildConfigurationList = A89716B226A4AA7D00E00DE2 /* Build configuration list for PBXNativeTarget "EsteeLauderUITests" */;
			buildPhases = (
				A897169F26A4AA7D00E00DE2 /* Sources */,
				A89716A026A4AA7D00E00DE2 /* Frameworks */,
				A89716A126A4AA7D00E00DE2 /* Resources */,
			);
			buildRules = (
			);
			dependencies = (
				A89716A526A4AA7D00E00DE2 /* PBXTargetDependency */,
			);
			name = EsteeLauderUITests;
			productName = EsteeLauderUITests;
			productReference = A89716A326A4AA7D00E00DE2 /* EsteeLauderUITests.xctest */;
			productType = "com.apple.product-type.bundle.ui-testing";
		};
/* End PBXNativeTarget section */

/* Begin PBXProject section */
		A897167726A4AA7C00E00DE2 /* Project object */ = {
			isa = PBXProject;
			attributes = {
				LastSwiftUpdateCheck = 1250;
				LastUpgradeCheck = 1250;
				TargetAttributes = {
					A897167E26A4AA7C00E00DE2 = {
						CreatedOnToolsVersion = 12.5;
					};
					A897169726A4AA7D00E00DE2 = {
						CreatedOnToolsVersion = 12.5;
						TestTargetID = A897167E26A4AA7C00E00DE2;
					};
					A89716A226A4AA7D00E00DE2 = {
						CreatedOnToolsVersion = 12.5;
						TestTargetID = A897167E26A4AA7C00E00DE2;
					};
				};
			};
			buildConfigurationList = A897167A26A4AA7C00E00DE2 /* Build configuration list for PBXProject "EsteeLauder" */;
			compatibilityVersion = "Xcode 9.3";
			developmentRegion = en;
			hasScannedForEncodings = 0;
			knownRegions = (
				en,
				Base,
			);
			mainGroup = A897167626A4AA7C00E00DE2;
			productRefGroup = A897168026A4AA7C00E00DE2 /* Products */;
			projectDirPath = "";
			projectRoot = "";
			targets = (
				A897167E26A4AA7C00E00DE2 /* EsteeLauder */,
				A897169726A4AA7D00E00DE2 /* EsteeLauderTests */,
				A89716A226A4AA7D00E00DE2 /* EsteeLauderUITests */,
			);
		};
/* End PBXProject section */

/* Begin PBXResourcesBuildPhase section */
		A897167D26A4AA7C00E00DE2 /* Resources */ = {
			isa = PBXResourcesBuildPhase;
			buildActionMask = 2147483647;
			files = (
				A897169226A4AA7D00E00DE2 /* LaunchScreen.storyboard in Resources */,
				A897168F26A4AA7D00E00DE2 /* Assets.xcassets in Resources */,
				A897168A26A4AA7C00E00DE2 /* Main.storyboard in Resources */,
			);
			runOnlyForDeploymentPostprocessing = 0;
		};
		A897169626A4AA7D00E00DE2 /* Resources */ = {
			isa = PBXResourcesBuildPhase;
			buildActionMask = 2147483647;
			files = (
			);
			runOnlyForDeploymentPostprocessing = 0;
		};
		A89716A126A4AA7D00E00DE2 /* Resources */ = {
			isa = PBXResourcesBuildPhase;
			buildActionMask = 2147483647;
			files = (
			);
			runOnlyForDeploymentPostprocessing = 0;
		};
/* End PBXResourcesBuildPhase section */

/* Begin PBXSourcesBuildPhase section */
		A897167B26A4AA7C00E00DE2 /* Sources */ = {
			isa = PBXSourcesBuildPhase;
			buildActionMask = 2147483647;
			files = (
				A8EE664A26AA7EDB00F66213 /* glamresultfourViewController.swift in Sources */,
				A897173E26A68A4500E00DE2 /* ProductsViewController.swift in Sources */,
				A8EE664E26AA7F2D00F66213 /* naturalresultsixViewController.swift in Sources */,
				A897174026A68A6100E00DE2 /* QuizViewController.swift in Sources */,
				A8EE664426AA7E6A00F66213 /* naturalresultoneViewController.swift in Sources */,
				A89717CC26A7AB4B00E00DE2 /* ReviewsViewController.swift in Sources */,
				A897168726A4AA7C00E00DE2 /* ViewController.swift in Sources */,
				A8EE664C26AA7F0900F66213 /* glamresultfiveViewController.swift in Sources */,
				A897168326A4AA7C00E00DE2 /* AppDelegate.swift in Sources */,
				A8EE665026AA7F5500F66213 /* naturalresultsevenViewController.swift in Sources */,
				A897173C26A68A2600E00DE2 /* TutorialViewController.swift in Sources */,
				A8EE664626AA7E9400F66213 /* glamresulttwoViewController.swift in Sources */,
				A8EE664826AA7EB900F66213 /* naturalresultthreeViewController.swift in Sources */,
				A897168526A4AA7C00E00DE2 /* SceneDelegate.swift in Sources */,
				A8B1234C26AA7F960048915A /* glamresulteightViewController.swift in Sources */,
				A897168D26A4AA7C00E00DE2 /* EsteeLauder.xcdatamodeld in Sources */,
			);
			runOnlyForDeploymentPostprocessing = 0;
		};
		A897169426A4AA7D00E00DE2 /* Sources */ = {
			isa = PBXSourcesBuildPhase;
			buildActionMask = 2147483647;
			files = (
				A897169D26A4AA7D00E00DE2 /* EsteeLauderTests.swift in Sources */,
			);
			runOnlyForDeploymentPostprocessing = 0;
		};
		A897169F26A4AA7D00E00DE2 /* Sources */ = {
			isa = PBXSourcesBuildPhase;
			buildActionMask = 2147483647;
			files = (
				A89716A826A4AA7D00E00DE2 /* EsteeLauderUITests.swift in Sources */,
			);
			runOnlyForDeploymentPostprocessing = 0;
		};
/* End PBXSourcesBuildPhase section */

/* Begin PBXTargetDependency section */
		A897169A26A4AA7D00E00DE2 /* PBXTargetDependency */ = {
			isa = PBXTargetDependency;
			target = A897167E26A4AA7C00E00DE2 /* EsteeLauder */;
			targetProxy = A897169926A4AA7D00E00DE2 /* PBXContainerItemProxy */;
		};
		A89716A526A4AA7D00E00DE2 /* PBXTargetDependency */ = {
			isa = PBXTargetDependency;
			target = A897167E26A4AA7C00E00DE2 /* EsteeLauder */;
			targetProxy = A89716A426A4AA7D00E00DE2 /* PBXContainerItemProxy */;
		};
/* End PBXTargetDependency section */

/* Begin PBXVariantGroup section */
		A897168826A4AA7C00E00DE2 /* Main.storyboard */ = {
			isa = PBXVariantGroup;
			children = (
				A897168926A4AA7C00E00DE2 /* Base */,
			);
			name = Main.storyboard;
			sourceTree = "<group>";
		};
		A897169026A4AA7D00E00DE2 /* LaunchScreen.storyboard */ = {
			isa = PBXVariantGroup;
			children = (
				A897169126A4AA7D00E00DE2 /* Base */,
			);
			name = LaunchScreen.storyboard;
			sourceTree = "<group>";
		};
/* End PBXVariantGroup section */

/* Begin XCBuildConfiguration section */
		A89716AA26A4AA7D00E00DE2 /* Debug */ = {
			isa = XCBuildConfiguration;
			buildSettings = {
				ALWAYS_SEARCH_USER_PATHS = NO;
				CLANG_ANALYZER_NONNULL = YES;
				CLANG_ANALYZER_NUMBER_OBJECT_CONVERSION = YES_AGGRESSIVE;
				CLANG_CXX_LANGUAGE_STANDARD = "gnu++14";
				CLANG_CXX_LIBRARY = "libc++";
				CLANG_ENABLE_MODULES = YES;
				CLANG_ENABLE_OBJC_ARC = YES;
				CLANG_ENABLE_OBJC_WEAK = YES;
				CLANG_WARN_BLOCK_CAPTURE_AUTORELEASING = YES;
				CLANG_WARN_BOOL_CONVERSION = YES;
				CLANG_WARN_COMMA = YES;
				CLANG_WARN_CONSTANT_CONVERSION = YES;
				CLANG_WARN_DEPRECATED_OBJC_IMPLEMENTATIONS = YES;
				CLANG_WARN_DIRECT_OBJC_ISA_USAGE = YES_ERROR;
				CLANG_WARN_DOCUMENTATION_COMMENTS = YES;
				CLANG_WARN_EMPTY_BODY = YES;
				CLANG_WARN_ENUM_CONVERSION = YES;
				CLANG_WARN_INFINITE_RECURSION = YES;
				CLANG_WARN_INT_CONVERSION = YES;
				CLANG_WARN_NON_LITERAL_NULL_CONVERSION = YES;
				CLANG_WARN_OBJC_IMPLICIT_RETAIN_SELF = YES;
				CLANG_WARN_OBJC_LITERAL_CONVERSION = YES;
				CLANG_WARN_OBJC_ROOT_CLASS = YES_ERROR;
				CLANG_WARN_QUOTED_INCLUDE_IN_FRAMEWORK_HEADER = YES;
				CLANG_WARN_RANGE_LOOP_ANALYSIS = YES;
				CLANG_WARN_STRICT_PROTOTYPES = YES;
				CLANG_WARN_SUSPICIOUS_MOVE = YES;
				CLANG_WARN_UNGUARDED_AVAILABILITY = YES_AGGRESSIVE;
				CLANG_WARN_UNREACHABLE_CODE = YES;
				CLANG_WARN__DUPLICATE_METHOD_MATCH = YES;
				COPY_PHASE_STRIP = NO;
				DEBUG_INFORMATION_FORMAT = dwarf;
				ENABLE_STRICT_OBJC_MSGSEND = YES;
				ENABLE_TESTABILITY = YES;
				GCC_C_LANGUAGE_STANDARD = gnu11;
				GCC_DYNAMIC_NO_PIC = NO;
				GCC_NO_COMMON_BLOCKS = YES;
				GCC_OPTIMIZATION_LEVEL = 0;
				GCC_PREPROCESSOR_DEFINITIONS = (
					"DEBUG=1",
					"$(inherited)",
				);
				GCC_WARN_64_TO_32_BIT_CONVERSION = YES;
				GCC_WARN_ABOUT_RETURN_TYPE = YES_ERROR;
				GCC_WARN_UNDECLARED_SELECTOR = YES;
				GCC_WARN_UNINITIALIZED_AUTOS = YES_AGGRESSIVE;
				GCC_WARN_UNUSED_FUNCTION = YES;
				GCC_WARN_UNUSED_VARIABLE = YES;
				IPHONEOS_DEPLOYMENT_TARGET = 14.5;
				MTL_ENABLE_DEBUG_INFO = INCLUDE_SOURCE;
				MTL_FAST_MATH = YES;
				ONLY_ACTIVE_ARCH = YES;
				SDKROOT = iphoneos;
				SWIFT_ACTIVE_COMPILATION_CONDITIONS = DEBUG;
				SWIFT_OPTIMIZATION_LEVEL = "-Onone";
			};
			name = Debug;
		};
		A89716AB26A4AA7D00E00DE2 /* Release */ = {
			isa = XCBuildConfiguration;
			buildSettings = {
				ALWAYS_SEARCH_USER_PATHS = NO;
				CLANG_ANALYZER_NONNULL = YES;
				CLANG_ANALYZER_NUMBER_OBJECT_CONVERSION = YES_AGGRESSIVE;
				CLANG_CXX_LANGUAGE_STANDARD = "gnu++14";
				CLANG_CXX_LIBRARY = "libc++";
				CLANG_ENABLE_MODULES = YES;
				CLANG_ENABLE_OBJC_ARC = YES;
				CLANG_ENABLE_OBJC_WEAK = YES;
				CLANG_WARN_BLOCK_CAPTURE_AUTORELEASING = YES;
				CLANG_WARN_BOOL_CONVERSION = YES;
				CLANG_WARN_COMMA = YES;
				CLANG_WARN_CONSTANT_CONVERSION = YES;
				CLANG_WARN_DEPRECATED_OBJC_IMPLEMENTATIONS = YES;
				CLANG_WARN_DIRECT_OBJC_ISA_USAGE = YES_ERROR;
				CLANG_WARN_DOCUMENTATION_COMMENTS = YES;
				CLANG_WARN_EMPTY_BODY = YES;
				CLANG_WARN_ENUM_CONVERSION = YES;
				CLANG_WARN_INFINITE_RECURSION = YES;
				CLANG_WARN_INT_CONVERSION = YES;
				CLANG_WARN_NON_LITERAL_NULL_CONVERSION = YES;
				CLANG_WARN_OBJC_IMPLICIT_RETAIN_SELF = YES;
				CLANG_WARN_OBJC_LITERAL_CONVERSION = YES;
				CLANG_WARN_OBJC_ROOT_CLASS = YES_ERROR;
				CLANG_WARN_QUOTED_INCLUDE_IN_FRAMEWORK_HEADER = YES;
				CLANG_WARN_RANGE_LOOP_ANALYSIS = YES;
				CLANG_WARN_STRICT_PROTOTYPES = YES;
				CLANG_WARN_SUSPICIOUS_MOVE = YES;
				CLANG_WARN_UNGUARDED_AVAILABILITY = YES_AGGRESSIVE;
				CLANG_WARN_UNREACHABLE_CODE = YES;
				CLANG_WARN__DUPLICATE_METHOD_MATCH = YES;
				COPY_PHASE_STRIP = NO;
				DEBUG_INFORMATION_FORMAT = "dwarf-with-dsym";
				ENABLE_NS_ASSERTIONS = NO;
				ENABLE_STRICT_OBJC_MSGSEND = YES;
				GCC_C_LANGUAGE_STANDARD = gnu11;
				GCC_NO_COMMON_BLOCKS = YES;
				GCC_WARN_64_TO_32_BIT_CONVERSION = YES;
				GCC_WARN_ABOUT_RETURN_TYPE = YES_ERROR;
				GCC_WARN_UNDECLARED_SELECTOR = YES;
				GCC_WARN_UNINITIALIZED_AUTOS = YES_AGGRESSIVE;
				GCC_WARN_UNUSED_FUNCTION = YES;
				GCC_WARN_UNUSED_VARIABLE = YES;
				IPHONEOS_DEPLOYMENT_TARGET = 14.5;
				MTL_ENABLE_DEBUG_INFO = NO;
				MTL_FAST_MATH = YES;
				SDKROOT = iphoneos;
				SWIFT_COMPILATION_MODE = wholemodule;
				SWIFT_OPTIMIZATION_LEVEL = "-O";
				VALIDATE_PRODUCT = YES;
			};
			name = Release;
		};
		A89716AD26A4AA7D00E00DE2 /* Debug */ = {
			isa = XCBuildConfiguration;
			buildSettings = {
				ASSETCATALOG_COMPILER_APPICON_NAME = AppIcon;
				ASSETCATALOG_COMPILER_GLOBAL_ACCENT_COLOR_NAME = AccentColor;
				CODE_SIGN_STYLE = Automatic;
				INFOPLIST_FILE = EsteeLauder/Info.plist;
				LD_RUNPATH_SEARCH_PATHS = (
					"$(inherited)",
					"@executable_path/Frameworks",
				);
				PRODUCT_BUNDLE_IDENTIFIER = skylararce.EsteeLauder;
				PRODUCT_NAME = "$(TARGET_NAME)";
				SWIFT_VERSION = 5.0;
				TARGETED_DEVICE_FAMILY = "1,2";
			};
			name = Debug;
		};
		A89716AE26A4AA7D00E00DE2 /* Release */ = {
			isa = XCBuildConfiguration;
			buildSettings = {
				ASSETCATALOG_COMPILER_APPICON_NAME = AppIcon;
				ASSETCATALOG_COMPILER_GLOBAL_ACCENT_COLOR_NAME = AccentColor;
				CODE_SIGN_STYLE = Automatic;
				INFOPLIST_FILE = EsteeLauder/Info.plist;
				LD_RUNPATH_SEARCH_PATHS = (
					"$(inherited)",
					"@executable_path/Frameworks",
				);
				PRODUCT_BUNDLE_IDENTIFIER = skylararce.EsteeLauder;
				PRODUCT_NAME = "$(TARGET_NAME)";
				SWIFT_VERSION = 5.0;
				TARGETED_DEVICE_FAMILY = "1,2";
			};
			name = Release;
		};
		A89716B026A4AA7D00E00DE2 /* Debug */ = {
			isa = XCBuildConfiguration;
			buildSettings = {
				ALWAYS_EMBED_SWIFT_STANDARD_LIBRARIES = YES;
				BUNDLE_LOADER = "$(TEST_HOST)";
				CODE_SIGN_STYLE = Automatic;
				INFOPLIST_FILE = EsteeLauderTests/Info.plist;
				IPHONEOS_DEPLOYMENT_TARGET = 14.5;
				LD_RUNPATH_SEARCH_PATHS = (
					"$(inherited)",
					"@executable_path/Frameworks",
					"@loader_path/Frameworks",
				);
				PRODUCT_BUNDLE_IDENTIFIER = skylararce.EsteeLauderTests;
				PRODUCT_NAME = "$(TARGET_NAME)";
				SWIFT_VERSION = 5.0;
				TARGETED_DEVICE_FAMILY = "1,2";
				TEST_HOST = "$(BUILT_PRODUCTS_DIR)/EsteeLauder.app/EsteeLauder";
			};
			name = Debug;
		};
		A89716B126A4AA7D00E00DE2 /* Release */ = {
			isa = XCBuildConfiguration;
			buildSettings = {
				ALWAYS_EMBED_SWIFT_STANDARD_LIBRARIES = YES;
				BUNDLE_LOADER = "$(TEST_HOST)";
				CODE_SIGN_STYLE = Automatic;
				INFOPLIST_FILE = EsteeLauderTests/Info.plist;
				IPHONEOS_DEPLOYMENT_TARGET = 14.5;
				LD_RUNPATH_SEARCH_PATHS = (
					"$(inherited)",
					"@executable_path/Frameworks",
					"@loader_path/Frameworks",
				);
				PRODUCT_BUNDLE_IDENTIFIER = skylararce.EsteeLauderTests;
				PRODUCT_NAME = "$(TARGET_NAME)";
				SWIFT_VERSION = 5.0;
				TARGETED_DEVICE_FAMILY = "1,2";
				TEST_HOST = "$(BUILT_PRODUCTS_DIR)/EsteeLauder.app/EsteeLauder";
			};
			name = Release;
		};
		A89716B326A4AA7D00E00DE2 /* Debug */ = {
			isa = XCBuildConfiguration;
			buildSettings = {
				ALWAYS_EMBED_SWIFT_STANDARD_LIBRARIES = YES;
				CODE_SIGN_STYLE = Automatic;
				INFOPLIST_FILE = EsteeLauderUITests/Info.plist;
				LD_RUNPATH_SEARCH_PATHS = (
					"$(inherited)",
					"@executable_path/Frameworks",
					"@loader_path/Frameworks",
				);
				PRODUCT_BUNDLE_IDENTIFIER = skylararce.EsteeLauderUITests;
				PRODUCT_NAME = "$(TARGET_NAME)";
				SWIFT_VERSION = 5.0;
				TARGETED_DEVICE_FAMILY = "1,2";
				TEST_TARGET_NAME = EsteeLauder;
			};
			name = Debug;
		};
		A89716B426A4AA7D00E00DE2 /* Release */ = {
			isa = XCBuildConfiguration;
			buildSettings = {
				ALWAYS_EMBED_SWIFT_STANDARD_LIBRARIES = YES;
				CODE_SIGN_STYLE = Automatic;
				INFOPLIST_FILE = EsteeLauderUITests/Info.plist;
				LD_RUNPATH_SEARCH_PATHS = (
					"$(inherited)",
					"@executable_path/Frameworks",
					"@loader_path/Frameworks",
				);
				PRODUCT_BUNDLE_IDENTIFIER = skylararce.EsteeLauderUITests;
				PRODUCT_NAME = "$(TARGET_NAME)";
				SWIFT_VERSION = 5.0;
				TARGETED_DEVICE_FAMILY = "1,2";
				TEST_TARGET_NAME = EsteeLauder;
			};
			name = Release;
		};
/* End XCBuildConfiguration section */

/* Begin XCConfigurationList section */
		A897167A26A4AA7C00E00DE2 /* Build configuration list for PBXProject "EsteeLauder" */ = {
			isa = XCConfigurationList;
			buildConfigurations = (
				A89716AA26A4AA7D00E00DE2 /* Debug */,
				A89716AB26A4AA7D00E00DE2 /* Release */,
			);
			defaultConfigurationIsVisible = 0;
			defaultConfigurationName = Release;
		};
		A89716AC26A4AA7D00E00DE2 /* Build configuration list for PBXNativeTarget "EsteeLauder" */ = {
			isa = XCConfigurationList;
			buildConfigurations = (
				A89716AD26A4AA7D00E00DE2 /* Debug */,
				A89716AE26A4AA7D00E00DE2 /* Release */,
			);
			defaultConfigurationIsVisible = 0;
			defaultConfigurationName = Release;
		};
		A89716AF26A4AA7D00E00DE2 /* Build configuration list for PBXNativeTarget "EsteeLauderTests" */ = {
			isa = XCConfigurationList;
			buildConfigurations = (
				A89716B026A4AA7D00E00DE2 /* Debug */,
				A89716B126A4AA7D00E00DE2 /* Release */,
			);
			defaultConfigurationIsVisible = 0;
			defaultConfigurationName = Release;
		};
		A89716B226A4AA7D00E00DE2 /* Build configuration list for PBXNativeTarget "EsteeLauderUITests" */ = {
			isa = XCConfigurationList;
			buildConfigurations = (
				A89716B326A4AA7D00E00DE2 /* Debug */,
				A89716B426A4AA7D00E00DE2 /* Release */,
			);
			defaultConfigurationIsVisible = 0;
			defaultConfigurationName = Release;
		};
/* End XCConfigurationList section */

/* Begin XCVersionGroup section */
		A897168B26A4AA7C00E00DE2 /* EsteeLauder.xcdatamodeld */ = {
			isa = XCVersionGroup;
			children = (
				A897168C26A4AA7C00E00DE2 /* EsteeLauder.xcdatamodel */,
			);
			currentVersion = A897168C26A4AA7C00E00DE2 /* EsteeLauder.xcdatamodel */;
			path = EsteeLauder.xcdatamodeld;
			sourceTree = "<group>";
			versionGroupType = wrapper.xcdatamodel;
		};
/* End XCVersionGroup section */
	};
	rootObject = A897167726A4AA7C00E00DE2 /* Project object */;
}
